
Microsoft Visual Studio Solution File, Format Version 12.00
# Visual Studio Version 16
VisualStudioVersion = 16.0.30104.148
MinimumVisualStudioVersion = 10.0.40219.1
Project("{FAE04EC0-301F-11D3-BF4B-00C04F79EFBC}") = "CS07_03_05", "CS07_03_05.csproj", "{6C844447-F92B-4C58-85A0-AC3F081848F5}"
EndProject
Project("{FAE04EC0-301F-11D3-BF4B-00C04F79EFBC}") = "CS07_03_06", "..\CS07_03_06\CS07_03_06.csproj", "{5F02107C-4CB2-4582-919D-095E6445F84D}"
EndProject
Project("{FAE04EC0-301F-11D3-BF4B-00C04F79EFBC}") = "CS07_03_07", "..\CS07_03_07\CS07_03_07.csproj", "{7F1A5FA3-6A45-4EAB-B852-97FA3E80729B}"
EndProject
Project("{FAE04EC0-301F-11D3-BF4B-00C04F79EFBC}") = "CS07_04_08", "..\CS07_04_08\CS07_04_08.csproj", "{99D09AEA-583F-46AE-AFA3-B4DCE34002EA}"
EndProject
Project("{FAE04EC0-301F-11D3-BF4B-00C04F79EFBC}") = "CS07_04_09", "..\CS07_04_09\CS07_04_09.csproj", "{D767CC1C-19D3-4F52-A4B8-B28CB88751A1}"
EndProject
Project("{FAE04EC0-301F-11D3-BF4B-00C04F79EFBC}") = "CS07_06_11", "..\CS07_06_11\CS07_06_11.csproj", "{029FBC85-5B32-4D7A-AC0D-2AA7FFA75789}"
EndProject
Project("{FAE04EC0-301F-11D3-BF4B-00C04F79EFBC}") = "CS07_06_13", "..\CS07_06_13\CS07_06_13.csproj", "{E745B3B2-4040-41C6-87EB-D4E6C0686500}"
EndProject
Project("{FAE04EC0-301F-11D3-BF4B-00C04F79EFBC}") = "CS07_06_14", "..\CS07_06_14\CS07_06_14.csproj", "{1AC50E45-4C36-4BBF-A716-00AB8BE773FC}"
EndProject
Project("{FAE04EC0-301F-11D3-BF4B-00C04F79EFBC}") = "CS07_05_10", "..\CS07_05_10\CS07_05_10.csproj", "{2CE193C5-8AF3-4CAE-9344-0CE5270DC622}"
EndProject
Project("{FAE04EC0-301F-11D3-BF4B-00C04F79EFBC}") = "CS07_07_15", "..\CS07_07_15\CS07_07_15.csproj", "{6FF4357E-A6AC-4860-9051-DCD21228D6F9}"
EndProject
Project("{FAE04EC0-301F-11D3-BF4B-00C04F79EFBC}") = "Test", "..\Test\Test.csproj", "{D1EA13DF-1174-44CB-B25C-AA13BD84FD5A}"
EndProject
Project("{FAE04EC0-301F-11D3-BF4B-00C04F79EFBC}") = "CS07_07_16", "..\CS07_07_16\CS07_07_16.csproj", "{3EBD5853-7EB1-4F70-BC09-6884C55DEF30}"
EndProject
Project("{FAE04EC0-301F-11D3-BF4B-00C04F79EFBC}") = "CS07_07_16_1", "..\CS07_07_16_1\CS07_07_16_1.csproj", "{4BA6370A-179C-429C-BCED-6AFC067A65B4}"
EndProject
Project("{FAE04EC0-301F-11D3-BF4B-00C04F79EFBC}") = "CS07_07_16_2", "..\CS07_07_16_2\CS07_07_16_2.csproj", "{737BDC72-00A0-4C55-B105-B77CAAB5ED61}"
EndProject
Project("{FAE04EC0-301F-11D3-BF4B-00C04F79EFBC}") = "CS08_01_01", "..\CS08_01_01\CS08_01_01.csproj", "{11534ED2-875B-471B-9920-8273793B30ED}"
EndProject
Project("{FAE04EC0-301F-11D3-BF4B-00C04F79EFBC}") = "CS08_02_03", "..\CS08_02_03\CS08_02_03.csproj", "{AB232AB9-2127-485A-9FDB-976921317A65}"
EndProject
Project("{FAE04EC0-301F-11D3-BF4B-00C04F79EFBC}") = "CS08_02_03_01", "..\CS08_02_03_01\CS08_02_03_01.csproj", "{57B4AF56-F0C7-4A8B-8AD7-C7D3097D985F}"
EndProject
Project("{FAE04EC0-301F-11D3-BF4B-00C04F79EFBC}") = "CS08_02_04", "..\CS08_02_03_02\CS08_02_04.csproj", "{A686E49D-54F3-4612-AD24-9FAA5F7CD0ED}"
EndProject
Project("{FAE04EC0-301F-11D3-BF4B-00C04F79EFBC}") = "CS08_03_06", "..\CS08_03_06\CS08_03_06.csproj", "{B449ADE4-1B98-4524-B51F-81D77BA332A2}"
EndProject
Project("{FAE04EC0-301F-11D3-BF4B-00C04F79EFBC}") = "CS09_01_01", "..\CS09_01_01\CS09_01_01.csproj", "{E4C24856-8E9F-424D-90D4-D980519EC80B}"
EndProject
Global
	GlobalSection(SolutionConfigurationPlatforms) = preSolution
		Debug|Any CPU = Debug|Any CPU
		Release|Any CPU = Release|Any CPU
	EndGlobalSection
	GlobalSection(ProjectConfigurationPlatforms) = postSolution
		{6C844447-F92B-4C58-85A0-AC3F081848F5}.Debug|Any CPU.ActiveCfg = Debug|Any CPU
		{6C844447-F92B-4C58-85A0-AC3F081848F5}.Debug|Any CPU.Build.0 = Debug|Any CPU
		{6C844447-F92B-4C58-85A0-AC3F081848F5}.Release|Any CPU.ActiveCfg = Release|Any CPU
		{6C844447-F92B-4C58-85A0-AC3F081848F5}.Release|Any CPU.Build.0 = Release|Any CPU
		{5F02107C-4CB2-4582-919D-095E6445F84D}.Debug|Any CPU.ActiveCfg = Debug|Any CPU
		{5F02107C-4CB2-4582-919D-095E6445F84D}.Debug|Any CPU.Build.0 = Debug|Any CPU
		{5F02107C-4CB2-4582-919D-095E6445F84D}.Release|Any CPU.ActiveCfg = Release|Any CPU
		{5F02107C-4CB2-4582-919D-095E6445F84D}.Release|Any CPU.Build.0 = Release|Any CPU
		{7F1A5FA3-6A45-4EAB-B852-97FA3E80729B}.Debug|Any CPU.ActiveCfg = Debug|Any CPU
		{7F1A5FA3-6A45-4EAB-B852-97FA3E80729B}.Debug|Any CPU.Build.0 = Debug|Any CPU
		{7F1A5FA3-6A45-4EAB-B852-97FA3E80729B}.Release|Any CPU.ActiveCfg = Release|Any CPU
		{7F1A5FA3-6A45-4EAB-B852-97FA3E80729B}.Release|Any CPU.Build.0 = Release|Any CPU
		{99D09AEA-583F-46AE-AFA3-B4DCE34002EA}.Debug|Any CPU.ActiveCfg = Debug|Any CPU
		{99D09AEA-583F-46AE-AFA3-B4DCE34002EA}.Debug|Any CPU.Build.0 = Debug|Any CPU
		{99D09AEA-583F-46AE-AFA3-B4DCE34002EA}.Release|Any CPU.ActiveCfg = Release|Any CPU
		{99D09AEA-583F-46AE-AFA3-B4DCE34002EA}.Release|Any CPU.Build.0 = Release|Any CPU
		{D767CC1C-19D3-4F52-A4B8-B28CB88751A1}.Debug|Any CPU.ActiveCfg = Debug|Any CPU
		{D767CC1C-19D3-4F52-A4B8-B28CB88751A1}.Debug|Any CPU.Build.0 = Debug|Any CPU
		{D767CC1C-19D3-4F52-A4B8-B28CB88751A1}.Release|Any CPU.ActiveCfg = Release|Any CPU
		{D767CC1C-19D3-4F52-A4B8-B28CB88751A1}.Release|Any CPU.Build.0 = Release|Any CPU
		{029FBC85-5B32-4D7A-AC0D-2AA7FFA75789}.Debug|Any CPU.ActiveCfg = Debug|Any CPU
		{029FBC85-5B32-4D7A-AC0D-2AA7FFA75789}.Debug|Any CPU.Build.0 = Debug|Any CPU
		{029FBC85-5B32-4D7A-AC0D-2AA7FFA75789}.Release|Any CPU.ActiveCfg = Release|Any CPU
		{029FBC85-5B32-4D7A-AC0D-2AA7FFA75789}.Release|Any CPU.Build.0 = Release|Any CPU
		{E745B3B2-4040-41C6-87EB-D4E6C0686500}.Debug|Any CPU.ActiveCfg = Debug|Any CPU
		{E745B3B2-4040-41C6-87EB-D4E6C0686500}.Debug|Any CPU.Build.0 = Debug|Any CPU
		{E745B3B2-4040-41C6-87EB-D4E6C0686500}.Release|Any CPU.ActiveCfg = Release|Any CPU
		{E745B3B2-4040-41C6-87EB-D4E6C0686500}.Release|Any CPU.Build.0 = Release|Any CPU
		{1AC50E45-4C36-4BBF-A716-00AB8BE773FC}.Debug|Any CPU.ActiveCfg = Debug|Any CPU
		{1AC50E45-4C36-4BBF-A716-00AB8BE773FC}.Debug|Any CPU.Build.0 = Debug|Any CPU
		{1AC50E45-4C36-4BBF-A716-00AB8BE773FC}.Release|Any CPU.ActiveCfg = Release|Any CPU
		{1AC50E45-4C36-4BBF-A716-00AB8BE773FC}.Release|Any CPU.Build.0 = Release|Any CPU
		{2CE193C5-8AF3-4CAE-9344-0CE5270DC622}.Debug|Any CPU.ActiveCfg = Debug|Any CPU
		{2CE193C5-8AF3-4CAE-9344-0CE5270DC622}.Debug|Any CPU.Build.0 = Debug|Any CPU
		{2CE193C5-8AF3-4CAE-9344-0CE5270DC622}.Release|Any CPU.ActiveCfg = Release|Any CPU
		{2CE193C5-8AF3-4CAE-9344-0CE5270DC622}.Release|Any CPU.Build.0 = Release|Any CPU
		{6FF4357E-A6AC-4860-9051-DCD21228D6F9}.Debug|Any CPU.ActiveCfg = Debug|Any CPU
		{6FF4357E-A6AC-4860-9051-DCD21228D6F9}.Debug|Any CPU.Build.0 = Debug|Any CPU
		{6FF4357E-A6AC-4860-9051-DCD21228D6F9}.Release|Any CPU.ActiveCfg = Release|Any CPU
		{6FF4357E-A6AC-4860-9051-DCD21228D6F9}.Release|Any CPU.Build.0 = Release|Any CPU
		{D1EA13DF-1174-44CB-B25C-AA13BD84FD5A}.Debug|Any CPU.ActiveCfg = Debug|Any CPU
		{D1EA13DF-1174-44CB-B25C-AA13BD84FD5A}.Debug|Any CPU.Build.0 = Debug|Any CPU
		{D1EA13DF-1174-44CB-B25C-AA13BD84FD5A}.Release|Any CPU.ActiveCfg = Release|Any CPU
		{D1EA13DF-1174-44CB-B25C-AA13BD84FD5A}.Release|Any CPU.Build.0 = Release|Any CPU
		{3EBD5853-7EB1-4F70-BC09-6884C55DEF30}.Debug|Any CPU.ActiveCfg = Debug|Any CPU
		{3EBD5853-7EB1-4F70-BC09-6884C55DEF30}.Debug|Any CPU.Build.0 = Debug|Any CPU
		{3EBD5853-7EB1-4F70-BC09-6884C55DEF30}.Release|Any CPU.ActiveCfg = Release|Any CPU
		{3EBD5853-7EB1-4F70-BC09-6884C55DEF30}.Release|Any CPU.Build.0 = Release|Any CPU
		{4BA6370A-179C-429C-BCED-6AFC067A65B4}.Debug|Any CPU.ActiveCfg = Debug|Any CPU
		{4BA6370A-179C-429C-BCED-6AFC067A65B4}.Debug|Any CPU.Build.0 = Debug|Any CPU
		{4BA6370A-179C-429C-BCED-6AFC067A65B4}.Release|Any CPU.ActiveCfg = Release|Any CPU
		{4BA6370A-179C-429C-BCED-6AFC067A65B4}.Release|Any CPU.Build.0 = Release|Any CPU
		{737BDC72-00A0-4C55-B105-B77CAAB5ED61}.Debug|Any CPU.ActiveCfg = Debug|Any CPU
		{737BDC72-00A0-4C55-B105-B77CAAB5ED61}.Debug|Any CPU.Build.0 = Debug|Any CPU
		{737BDC72-00A0-4C55-B105-B77CAAB5ED61}.Release|Any CPU.ActiveCfg = Release|Any CPU
		{737BDC72-00A0-4C55-B105-B77CAAB5ED61}.Release|Any CPU.Build.0 = Release|Any CPU
		{11534ED2-875B-471B-9920-8273793B30ED}.Debug|Any CPU.ActiveCfg = Debug|Any CPU
		{11534ED2-875B-471B-9920-8273793B30ED}.Debug|Any CPU.Build.0 = Debug|Any CPU
		{11534ED2-875B-471B-9920-8273793B30ED}.Release|Any CPU.ActiveCfg = Release|Any CPU
		{11534ED2-875B-471B-9920-8273793B30ED}.Release|Any CPU.Build.0 = Release|Any CPU
		{AB232AB9-2127-485A-9FDB-976921317A65}.Debug|Any CPU.ActiveCfg = Debug|Any CPU
		{AB232AB9-2127-485A-9FDB-976921317A65}.Debug|Any CPU.Build.0 = Debug|Any CPU
		{AB232AB9-2127-485A-9FDB-976921317A65}.Release|Any CPU.ActiveCfg = Release|Any CPU
		{AB232AB9-2127-485A-9FDB-976921317A65}.Release|Any CPU.Build.0 = Release|Any CPU
		{57B4AF56-F0C7-4A8B-8AD7-C7D3097D985F}.Debug|Any CPU.ActiveCfg = Debug|Any CPU
		{57B4AF56-F0C7-4A8B-8AD7-C7D3097D985F}.Debug|Any CPU.Build.0 = Debug|Any CPU
		{57B4AF56-F0C7-4A8B-8AD7-C7D3097D985F}.Release|Any CPU.ActiveCfg = Release|Any CPU
		{57B4AF56-F0C7-4A8B-8AD7-C7D3097D985F}.Release|Any CPU.Build.0 = Release|Any CPU
		{A686E49D-54F3-4612-AD24-9FAA5F7CD0ED}.Debug|Any CPU.ActiveCfg = Debug|Any CPU
		{A686E49D-54F3-4612-AD24-9FAA5F7CD0ED}.Debug|Any CPU.Build.0 = Debug|Any CPU
		{A686E49D-54F3-4612-AD24-9FAA5F7CD0ED}.Release|Any CPU.ActiveCfg = Release|Any CPU
		{A686E49D-54F3-4612-AD24-9FAA5F7CD0ED}.Release|Any CPU.Build.0 = Release|Any CPU
		{B449ADE4-1B98-4524-B51F-81D77BA332A2}.Debug|Any CPU.ActiveCfg = Debug|Any CPU
		{B449ADE4-1B98-4524-B51F-81D77BA332A2}.Debug|Any CPU.Build.0 = Debug|Any CPU
		{B449ADE4-1B98-4524-B51F-81D77BA332A2}.Release|Any CPU.ActiveCfg = Release|Any CPU
		{B449ADE4-1B98-4524-B51F-81D77BA332A2}.Release|Any CPU.Build.0 = Release|Any CPU
		{E4C24856-8E9F-424D-90D4-D980519EC80B}.Debug|Any CPU.ActiveCfg = Debug|Any CPU
		{E4C24856-8E9F-424D-90D4-D980519EC80B}.Debug|Any CPU.Build.0 = Debug|Any CPU
		{E4C24856-8E9F-424D-90D4-D980519EC80B}.Release|Any CPU.ActiveCfg = Release|Any CPU
		{E4C24856-8E9F-424D-90D4-D980519EC80B}.Release|Any CPU.Build.0 = Release|Any CPU
	EndGlobalSection
	GlobalSection(SolutionProperties) = preSolution
		HideSolutionNode = FALSE
	EndGlobalSection
	GlobalSection(ExtensibilityGlobals) = postSolution
		SolutionGuid = {6F626BCA-4FE5-4435-913F-8ECCE1834AF6}
	EndGlobalSection
EndGlobal
